# contracts.lock.yaml
version: 1
contracts:
  - domain: identity
    version: v1
    schemas:
      - principal.schema.json
      - actor-type.schema.json
      - human-identity.schema.json
      - workload-identity.schema.json
      - external-identity.schema.json
      - membership.schema.json
      - external-reference.schema.json
      - session.schema.json
      - authentication-assurance.schema.json
      - assurance-requirement.schema.json
  - domain: authorization
    version: v1
    schemas:
      - context.schema.json
      - decision.schema.json
      - scope-registry.yaml
      - delegation.schema.json
      - reason-code-registry.yaml
  - domain: identity-events
    version: v1
    schemas:
      - identity-created.schema.json
      - identity-disabled.schema.json
      - identity-suspended.schema.json
      - identity-reactivated.schema.json
      - membership-revoked.schema.json
      - entitlement-revoked.schema.json
      - credential-compromised.schema.json
      - session-revoked.schema.json